# THIS IS AN AUTOGENERATED FILE. DO NOT EDIT THIS FILE DIRECTLY.
# yarn lockfile v1


"@emotion/hash@^0.9.1":
  version "0.9.1"
  resolved "https://registry.yarnpkg.com/@emotion/hash/-/hash-0.9.1.tgz#4ffb0055f7ef676ebc3a5a91fb621393294e2f43"
  integrity sha512-gJB6HLm5rYwSLI6PQa+X1t5CFGrv1J1TWG+sOyMCeKz2ojaj6Fnl/rZEspogG+cvqbt4AE/2eIyD2QfLKTBNlQ==

"@emotion/memoize@^0.8.1":
  version "0.8.1"
  resolved "https://registry.yarnpkg.com/@emotion/memoize/-/memoize-0.8.1.tgz#c1ddb040429c6d21d38cc945fe75c818cfb68e17"
  integrity sha512-W2P2c/VRW1/1tLox0mVUalvnWXxavmv/Oum2aPsRcoDJuob75FC3Y8FbpfLwUegRcxINtGUMPq0tFCvYNTBXNA==

"@emotion/serialize@^1.1.2":
  version "1.1.2"
  resolved "https://registry.yarnpkg.com/@emotion/serialize/-/serialize-1.1.2.tgz#017a6e4c9b8a803bd576ff3d52a0ea6fa5a62b51"
  integrity sha512-zR6a/fkFP4EAcCMQtLOhIgpprZOwNmCldtpaISpvz348+DP4Mz8ZoKaGGCQpbzepNIUWbq4w6hNZkwDyKoS+HA==
  dependencies:
    "@emotion/hash" "^0.9.1"
    "@emotion/memoize" "^0.8.1"
    "@emotion/unitless" "^0.8.1"
    "@emotion/utils" "^1.2.1"
    csstype "^3.0.2"

"@emotion/unitless@^0.8.1":
  version "0.8.1"
  resolved "https://registry.yarnpkg.com/@emotion/unitless/-/unitless-0.8.1.tgz#182b5a4704ef8ad91bde93f7a860a88fd92c79a3"
  integrity sha512-KOEGMu6dmJZtpadb476IsZBclKvILjopjUii3V+7MnXIQCYh8W3NgNcgwo21n9LXZX6EDIKvqfjYxXebDwxKmQ==

"@emotion/utils@^1.2.1":
  version "1.2.1"
  resolved "https://registry.yarnpkg.com/@emotion/utils/-/utils-1.2.1.tgz#bbab58465738d31ae4cb3dbb6fc00a5991f755e4"
  integrity sha512-Y2tGf3I+XVnajdItskUCn6LX+VUDmP6lTL4fcqsXAv43dnlbZiuW4MWQW38rW/BVWSE7Q/7+XQocmpnRYILUmg==

csstype@^3.0.2:
  version "3.1.3"
  resolved "https://registry.yarnpkg.com/csstype/-/csstype-3.1.3.tgz#d80ff294d114fb0e6ac500fbf85b60137d7eff81"
  integrity sha512-M1uQkMl8rQK/szD0LNhtqxIPLpimGm8sOBwU7lLnCpSbTyY3yeU1Vc7l4KT5zT4s/yOxHH5O7tIuuLOCnLADRw==

typescript@^5.3.3:
  version "5.3.3"
  resolved "https://registry.yarnpkg.com/typescript/-/typescript-5.3.3.tgz#b3ce6ba258e72e6305ba66f5c9b452aaee3ffe37"
  integrity sha512-pXWcraxM0uxAS+tN0AG/BF2TyqmHO014Z070UsJ+pFvYuRSq8KH8DmWpnbXe0pEPDHXZV3FcAbJkijJ5oNEnWw==
